
Microsoft Visual Studio Solution File, Format Version 12.00
# Visual Studio 15
VisualStudioVersion = 15.0.27004.2009
MinimumVisualStudioVersion = 10.0.40219.1
Project("{FAE04EC0-301F-11D3-BF4B-00C04F79EFBC}") = "BlockChain.Core", "BlockChain.Core\BlockChain.Core.csproj", "{F2B26606-B155-49EB-A404-57722187825D}"
EndProject
Global
	GlobalSection(SolutionConfigurationPlatforms) = preSolution
		Debug|Any CPU = Debug|Any CPU
		Release|Any CPU = Release|Any CPU
	EndGlobalSection
	GlobalSection(ProjectConfigurationPlatforms) = postSolution
		{F2B26606-B155-49EB-A404-57722187825D}.Debug|Any CPU.ActiveCfg = Debug|Any CPU
		{F2B26606-B155-49EB-A404-57722187825D}.Debug|Any CPU.Build.0 = Debug|Any CPU
		{F2B26606-B155-49EB-A404-57722187825D}.Release|Any CPU.ActiveCfg = Release|Any CPU
		{F2B26606-B155-49EB-A404-57722187825D}.Release|Any CPU.Build.0 = Release|Any CPU
	EndGlobalSection
	GlobalSection(SolutionProperties) = preSolution
		HideSolutionNode = FALSE
	EndGlobalSection
	GlobalSection(ExtensibilityGlobals) = postSolution
		SolutionGuid = {1A402D63-CCE6-4BF3-8ED2-E2C2D0B062D5}
	EndGlobalSection
EndGlobal
