
Microsoft Visual Studio Solution File, Format Version 12.00
# Visual Studio 15
VisualStudioVersion = 15.0.27004.2009
MinimumVisualStudioVersion = 10.0.40219.1
Project("{9A19103F-16F7-4668-BE54-9A1E7A4F7556}") = "Wallet.Util.Core", "Wallet.Util\Wallet.Util.Core.csproj", "{04885246-AF0F-44A3-8750-ADF7A87EB69F}"
EndProject
Project("{9A19103F-16F7-4668-BE54-9A1E7A4F7556}") = "Wallet.UI", "Wallet.UI\Wallet.UI.csproj", "{3DA53C7D-2577-4120-95D6-5836498B314A}"
EndProject
Project("{9A19103F-16F7-4668-BE54-9A1E7A4F7556}") = "BlockChain.Core", "..\BlockChain.Core\BlockChain.Core\BlockChain.Core.csproj", "{9E488B6A-7437-4465-9796-7DF5BC34575F}"
EndProject
Project("{FAE04EC0-301F-11D3-BF4B-00C04F79EFBC}") = "Wallet.DesktopApp", "Wallet.DesktopApp\Wallet.DesktopApp.csproj", "{3918B025-F6D1-465F-B536-B4A8401BCCC5}"
EndProject
Global
	GlobalSection(SolutionConfigurationPlatforms) = preSolution
		Debug|Any CPU = Debug|Any CPU
		Release|Any CPU = Release|Any CPU
	EndGlobalSection
	GlobalSection(ProjectConfigurationPlatforms) = postSolution
		{04885246-AF0F-44A3-8750-ADF7A87EB69F}.Debug|Any CPU.ActiveCfg = Debug|Any CPU
		{04885246-AF0F-44A3-8750-ADF7A87EB69F}.Debug|Any CPU.Build.0 = Debug|Any CPU
		{04885246-AF0F-44A3-8750-ADF7A87EB69F}.Release|Any CPU.ActiveCfg = Release|Any CPU
		{04885246-AF0F-44A3-8750-ADF7A87EB69F}.Release|Any CPU.Build.0 = Release|Any CPU
		{3DA53C7D-2577-4120-95D6-5836498B314A}.Debug|Any CPU.ActiveCfg = Debug|Any CPU
		{3DA53C7D-2577-4120-95D6-5836498B314A}.Debug|Any CPU.Build.0 = Debug|Any CPU
		{3DA53C7D-2577-4120-95D6-5836498B314A}.Release|Any CPU.ActiveCfg = Release|Any CPU
		{3DA53C7D-2577-4120-95D6-5836498B314A}.Release|Any CPU.Build.0 = Release|Any CPU
		{9E488B6A-7437-4465-9796-7DF5BC34575F}.Debug|Any CPU.ActiveCfg = Debug|Any CPU
		{9E488B6A-7437-4465-9796-7DF5BC34575F}.Debug|Any CPU.Build.0 = Debug|Any CPU
		{9E488B6A-7437-4465-9796-7DF5BC34575F}.Release|Any CPU.ActiveCfg = Release|Any CPU
		{9E488B6A-7437-4465-9796-7DF5BC34575F}.Release|Any CPU.Build.0 = Release|Any CPU
		{3918B025-F6D1-465F-B536-B4A8401BCCC5}.Debug|Any CPU.ActiveCfg = Debug|Any CPU
		{3918B025-F6D1-465F-B536-B4A8401BCCC5}.Debug|Any CPU.Build.0 = Debug|Any CPU
		{3918B025-F6D1-465F-B536-B4A8401BCCC5}.Release|Any CPU.ActiveCfg = Release|Any CPU
		{3918B025-F6D1-465F-B536-B4A8401BCCC5}.Release|Any CPU.Build.0 = Release|Any CPU
	EndGlobalSection
	GlobalSection(SolutionProperties) = preSolution
		HideSolutionNode = FALSE
	EndGlobalSection
	GlobalSection(ExtensibilityGlobals) = postSolution
		SolutionGuid = {F8468159-B97B-430B-885A-7C67E24B8E4E}
	EndGlobalSection
EndGlobal
