
Microsoft Visual Studio Solution File, Format Version 12.00
# Visual Studio 15
VisualStudioVersion = 15.0.27004.2009
MinimumVisualStudioVersion = 10.0.40219.1
Project("{9A19103F-16F7-4668-BE54-9A1E7A4F7556}") = "Wallet.Util.Core", "Wallet.Util\Wallet.Util.Core.csproj", "{04885246-AF0F-44A3-8750-ADF7A87EB69F}"
EndProject
Project("{9A19103F-16F7-4668-BE54-9A1E7A4F7556}") = "Wallet.UI", "Wallet.UI\Wallet.UI.csproj", "{3DA53C7D-2577-4120-95D6-5836498B314A}"
EndProject
Project("{9A19103F-16F7-4668-BE54-9A1E7A4F7556}") = "BlockChain.Core", "..\BlockChain.Core\BlockChain.Core\BlockChain.Core.csproj", "{9E488B6A-7437-4465-9796-7DF5BC34575F}"
EndProject
Project("{FAE04EC0-301F-11D3-BF4B-00C04F79EFBC}") = "Wallet.DesktopApp", "Wallet.DesktopApp\Wallet.DesktopApp.csproj", "{3918B025-F6D1-465F-B536-B4A8401BCCC5}"
EndProject
Project("{FAE04EC0-301F-11D3-BF4B-00C04F79EFBC}") = "Wallet.UWP", "Wallet.UWP\Wallet.UWP.csproj", "{E2D0CB46-8D33-4C7A-BD2D-5D5BB791AF6C}"
EndProject
Global
	GlobalSection(SolutionConfigurationPlatforms) = preSolution
		Debug|Any CPU = Debug|Any CPU
		Debug|ARM = Debug|ARM
		Debug|x64 = Debug|x64
		Debug|x86 = Debug|x86
		Release|Any CPU = Release|Any CPU
		Release|ARM = Release|ARM
		Release|x64 = Release|x64
		Release|x86 = Release|x86
	EndGlobalSection
	GlobalSection(ProjectConfigurationPlatforms) = postSolution
		{04885246-AF0F-44A3-8750-ADF7A87EB69F}.Debug|Any CPU.ActiveCfg = Debug|Any CPU
		{04885246-AF0F-44A3-8750-ADF7A87EB69F}.Debug|Any CPU.Build.0 = Debug|Any CPU
		{04885246-AF0F-44A3-8750-ADF7A87EB69F}.Debug|ARM.ActiveCfg = Debug|Any CPU
		{04885246-AF0F-44A3-8750-ADF7A87EB69F}.Debug|ARM.Build.0 = Debug|Any CPU
		{04885246-AF0F-44A3-8750-ADF7A87EB69F}.Debug|x64.ActiveCfg = Debug|Any CPU
		{04885246-AF0F-44A3-8750-ADF7A87EB69F}.Debug|x64.Build.0 = Debug|Any CPU
		{04885246-AF0F-44A3-8750-ADF7A87EB69F}.Debug|x86.ActiveCfg = Debug|Any CPU
		{04885246-AF0F-44A3-8750-ADF7A87EB69F}.Debug|x86.Build.0 = Debug|Any CPU
		{04885246-AF0F-44A3-8750-ADF7A87EB69F}.Release|Any CPU.ActiveCfg = Release|Any CPU
		{04885246-AF0F-44A3-8750-ADF7A87EB69F}.Release|Any CPU.Build.0 = Release|Any CPU
		{04885246-AF0F-44A3-8750-ADF7A87EB69F}.Release|ARM.ActiveCfg = Release|Any CPU
		{04885246-AF0F-44A3-8750-ADF7A87EB69F}.Release|ARM.Build.0 = Release|Any CPU
		{04885246-AF0F-44A3-8750-ADF7A87EB69F}.Release|x64.ActiveCfg = Release|Any CPU
		{04885246-AF0F-44A3-8750-ADF7A87EB69F}.Release|x64.Build.0 = Release|Any CPU
		{04885246-AF0F-44A3-8750-ADF7A87EB69F}.Release|x86.ActiveCfg = Release|Any CPU
		{04885246-AF0F-44A3-8750-ADF7A87EB69F}.Release|x86.Build.0 = Release|Any CPU
		{3DA53C7D-2577-4120-95D6-5836498B314A}.Debug|Any CPU.ActiveCfg = Debug|Any CPU
		{3DA53C7D-2577-4120-95D6-5836498B314A}.Debug|Any CPU.Build.0 = Debug|Any CPU
		{3DA53C7D-2577-4120-95D6-5836498B314A}.Debug|ARM.ActiveCfg = Debug|Any CPU
		{3DA53C7D-2577-4120-95D6-5836498B314A}.Debug|ARM.Build.0 = Debug|Any CPU
		{3DA53C7D-2577-4120-95D6-5836498B314A}.Debug|x64.ActiveCfg = Debug|Any CPU
		{3DA53C7D-2577-4120-95D6-5836498B314A}.Debug|x64.Build.0 = Debug|Any CPU
		{3DA53C7D-2577-4120-95D6-5836498B314A}.Debug|x86.ActiveCfg = Debug|Any CPU
		{3DA53C7D-2577-4120-95D6-5836498B314A}.Debug|x86.Build.0 = Debug|Any CPU
		{3DA53C7D-2577-4120-95D6-5836498B314A}.Release|Any CPU.ActiveCfg = Release|Any CPU
		{3DA53C7D-2577-4120-95D6-5836498B314A}.Release|Any CPU.Build.0 = Release|Any CPU
		{3DA53C7D-2577-4120-95D6-5836498B314A}.Release|ARM.ActiveCfg = Release|Any CPU
		{3DA53C7D-2577-4120-95D6-5836498B314A}.Release|ARM.Build.0 = Release|Any CPU
		{3DA53C7D-2577-4120-95D6-5836498B314A}.Release|x64.ActiveCfg = Release|Any CPU
		{3DA53C7D-2577-4120-95D6-5836498B314A}.Release|x64.Build.0 = Release|Any CPU
		{3DA53C7D-2577-4120-95D6-5836498B314A}.Release|x86.ActiveCfg = Release|Any CPU
		{3DA53C7D-2577-4120-95D6-5836498B314A}.Release|x86.Build.0 = Release|Any CPU
		{9E488B6A-7437-4465-9796-7DF5BC34575F}.Debug|Any CPU.ActiveCfg = Debug|Any CPU
		{9E488B6A-7437-4465-9796-7DF5BC34575F}.Debug|Any CPU.Build.0 = Debug|Any CPU
		{9E488B6A-7437-4465-9796-7DF5BC34575F}.Debug|ARM.ActiveCfg = Debug|Any CPU
		{9E488B6A-7437-4465-9796-7DF5BC34575F}.Debug|ARM.Build.0 = Debug|Any CPU
		{9E488B6A-7437-4465-9796-7DF5BC34575F}.Debug|x64.ActiveCfg = Debug|Any CPU
		{9E488B6A-7437-4465-9796-7DF5BC34575F}.Debug|x64.Build.0 = Debug|Any CPU
		{9E488B6A-7437-4465-9796-7DF5BC34575F}.Debug|x86.ActiveCfg = Debug|Any CPU
		{9E488B6A-7437-4465-9796-7DF5BC34575F}.Debug|x86.Build.0 = Debug|Any CPU
		{9E488B6A-7437-4465-9796-7DF5BC34575F}.Release|Any CPU.ActiveCfg = Release|Any CPU
		{9E488B6A-7437-4465-9796-7DF5BC34575F}.Release|Any CPU.Build.0 = Release|Any CPU
		{9E488B6A-7437-4465-9796-7DF5BC34575F}.Release|ARM.ActiveCfg = Release|Any CPU
		{9E488B6A-7437-4465-9796-7DF5BC34575F}.Release|ARM.Build.0 = Release|Any CPU
		{9E488B6A-7437-4465-9796-7DF5BC34575F}.Release|x64.ActiveCfg = Release|Any CPU
		{9E488B6A-7437-4465-9796-7DF5BC34575F}.Release|x64.Build.0 = Release|Any CPU
		{9E488B6A-7437-4465-9796-7DF5BC34575F}.Release|x86.ActiveCfg = Release|Any CPU
		{9E488B6A-7437-4465-9796-7DF5BC34575F}.Release|x86.Build.0 = Release|Any CPU
		{3918B025-F6D1-465F-B536-B4A8401BCCC5}.Debug|Any CPU.ActiveCfg = Debug|Any CPU
		{3918B025-F6D1-465F-B536-B4A8401BCCC5}.Debug|Any CPU.Build.0 = Debug|Any CPU
		{3918B025-F6D1-465F-B536-B4A8401BCCC5}.Debug|ARM.ActiveCfg = Debug|Any CPU
		{3918B025-F6D1-465F-B536-B4A8401BCCC5}.Debug|ARM.Build.0 = Debug|Any CPU
		{3918B025-F6D1-465F-B536-B4A8401BCCC5}.Debug|x64.ActiveCfg = Debug|Any CPU
		{3918B025-F6D1-465F-B536-B4A8401BCCC5}.Debug|x64.Build.0 = Debug|Any CPU
		{3918B025-F6D1-465F-B536-B4A8401BCCC5}.Debug|x86.ActiveCfg = Debug|Any CPU
		{3918B025-F6D1-465F-B536-B4A8401BCCC5}.Debug|x86.Build.0 = Debug|Any CPU
		{3918B025-F6D1-465F-B536-B4A8401BCCC5}.Release|Any CPU.ActiveCfg = Release|Any CPU
		{3918B025-F6D1-465F-B536-B4A8401BCCC5}.Release|Any CPU.Build.0 = Release|Any CPU
		{3918B025-F6D1-465F-B536-B4A8401BCCC5}.Release|ARM.ActiveCfg = Release|Any CPU
		{3918B025-F6D1-465F-B536-B4A8401BCCC5}.Release|ARM.Build.0 = Release|Any CPU
		{3918B025-F6D1-465F-B536-B4A8401BCCC5}.Release|x64.ActiveCfg = Release|Any CPU
		{3918B025-F6D1-465F-B536-B4A8401BCCC5}.Release|x64.Build.0 = Release|Any CPU
		{3918B025-F6D1-465F-B536-B4A8401BCCC5}.Release|x86.ActiveCfg = Release|Any CPU
		{3918B025-F6D1-465F-B536-B4A8401BCCC5}.Release|x86.Build.0 = Release|Any CPU
		{E2D0CB46-8D33-4C7A-BD2D-5D5BB791AF6C}.Debug|Any CPU.ActiveCfg = Debug|x86
		{E2D0CB46-8D33-4C7A-BD2D-5D5BB791AF6C}.Debug|ARM.ActiveCfg = Debug|ARM
		{E2D0CB46-8D33-4C7A-BD2D-5D5BB791AF6C}.Debug|ARM.Build.0 = Debug|ARM
		{E2D0CB46-8D33-4C7A-BD2D-5D5BB791AF6C}.Debug|ARM.Deploy.0 = Debug|ARM
		{E2D0CB46-8D33-4C7A-BD2D-5D5BB791AF6C}.Debug|x64.ActiveCfg = Debug|x64
		{E2D0CB46-8D33-4C7A-BD2D-5D5BB791AF6C}.Debug|x64.Build.0 = Debug|x64
		{E2D0CB46-8D33-4C7A-BD2D-5D5BB791AF6C}.Debug|x64.Deploy.0 = Debug|x64
		{E2D0CB46-8D33-4C7A-BD2D-5D5BB791AF6C}.Debug|x86.ActiveCfg = Debug|x86
		{E2D0CB46-8D33-4C7A-BD2D-5D5BB791AF6C}.Debug|x86.Build.0 = Debug|x86
		{E2D0CB46-8D33-4C7A-BD2D-5D5BB791AF6C}.Debug|x86.Deploy.0 = Debug|x86
		{E2D0CB46-8D33-4C7A-BD2D-5D5BB791AF6C}.Release|Any CPU.ActiveCfg = Release|x86
		{E2D0CB46-8D33-4C7A-BD2D-5D5BB791AF6C}.Release|ARM.ActiveCfg = Release|ARM
		{E2D0CB46-8D33-4C7A-BD2D-5D5BB791AF6C}.Release|ARM.Build.0 = Release|ARM
		{E2D0CB46-8D33-4C7A-BD2D-5D5BB791AF6C}.Release|ARM.Deploy.0 = Release|ARM
		{E2D0CB46-8D33-4C7A-BD2D-5D5BB791AF6C}.Release|x64.ActiveCfg = Release|x64
		{E2D0CB46-8D33-4C7A-BD2D-5D5BB791AF6C}.Release|x64.Build.0 = Release|x64
		{E2D0CB46-8D33-4C7A-BD2D-5D5BB791AF6C}.Release|x64.Deploy.0 = Release|x64
		{E2D0CB46-8D33-4C7A-BD2D-5D5BB791AF6C}.Release|x86.ActiveCfg = Release|x86
		{E2D0CB46-8D33-4C7A-BD2D-5D5BB791AF6C}.Release|x86.Build.0 = Release|x86
		{E2D0CB46-8D33-4C7A-BD2D-5D5BB791AF6C}.Release|x86.Deploy.0 = Release|x86
	EndGlobalSection
	GlobalSection(SolutionProperties) = preSolution
		HideSolutionNode = FALSE
	EndGlobalSection
	GlobalSection(ExtensibilityGlobals) = postSolution
		SolutionGuid = {F8468159-B97B-430B-885A-7C67E24B8E4E}
	EndGlobalSection
EndGlobal
