
Microsoft Visual Studio Solution File, Format Version 12.00
# Visual Studio 15
VisualStudioVersion = 15.0.27004.2009
MinimumVisualStudioVersion = 10.0.40219.1
Project("{9A19103F-16F7-4668-BE54-9A1E7A4F7556}") = "Miner", "Miner\Miner.csproj", "{C05F52C3-9B40-436B-81DA-7D6DFA5B6E57}"
EndProject
Project("{9A19103F-16F7-4668-BE54-9A1E7A4F7556}") = "BlockChain.Core", "..\BlockChain.Core\BlockChain.Core\BlockChain.Core.csproj", "{E04ABE5B-280C-4DB6-9C35-EAA2BD7131BC}"
EndProject
Global
	GlobalSection(SolutionConfigurationPlatforms) = preSolution
		Debug|Any CPU = Debug|Any CPU
		Release|Any CPU = Release|Any CPU
	EndGlobalSection
	GlobalSection(ProjectConfigurationPlatforms) = postSolution
		{C05F52C3-9B40-436B-81DA-7D6DFA5B6E57}.Debug|Any CPU.ActiveCfg = Debug|Any CPU
		{C05F52C3-9B40-436B-81DA-7D6DFA5B6E57}.Debug|Any CPU.Build.0 = Debug|Any CPU
		{C05F52C3-9B40-436B-81DA-7D6DFA5B6E57}.Release|Any CPU.ActiveCfg = Release|Any CPU
		{C05F52C3-9B40-436B-81DA-7D6DFA5B6E57}.Release|Any CPU.Build.0 = Release|Any CPU
		{E04ABE5B-280C-4DB6-9C35-EAA2BD7131BC}.Debug|Any CPU.ActiveCfg = Debug|Any CPU
		{E04ABE5B-280C-4DB6-9C35-EAA2BD7131BC}.Debug|Any CPU.Build.0 = Debug|Any CPU
		{E04ABE5B-280C-4DB6-9C35-EAA2BD7131BC}.Release|Any CPU.ActiveCfg = Release|Any CPU
		{E04ABE5B-280C-4DB6-9C35-EAA2BD7131BC}.Release|Any CPU.Build.0 = Release|Any CPU
	EndGlobalSection
	GlobalSection(SolutionProperties) = preSolution
		HideSolutionNode = FALSE
	EndGlobalSection
	GlobalSection(ExtensibilityGlobals) = postSolution
		SolutionGuid = {3E8E28E9-2850-4B92-82F4-55AE7404EE66}
	EndGlobalSection
EndGlobal
